// !$*UTF8*$!
{
	archiveVersion = 1;
	classes = {
	};
	objectVersion = 46;
	objects = {

/* Begin PBXBuildFile section */
		0CB4E808B911630992BE24BB /* include_juce_core.mm in Sources */ = {isa = PBXBuildFile; fileRef = 1CAAAD4998183A3503A505AD /* include_juce_core.mm */; };
		0E729B5694E3A193A3FE47CF /* include_juce_graphics.mm in Sources */ = {isa = PBXBuildFile; fileRef = 8CD965214344A2BC091E18B3 /* include_juce_graphics.mm */; };
		26987957A6AB78B3EF438C8B /* IOKit.framework in Frameworks */ = {isa = PBXBuildFile; fileRef = 9C280509BB76E0C097A79D33 /* IOKit.framework */; };
		29D40744676CCA12BF82E37F /* AVFoundation.framework in Frameworks */ = {isa = PBXBuildFile; fileRef = 274B5DDF6276728185C9FA5C /* AVFoundation.framework */; };
		2D77CAAAAA03A3AD02A62341 /* include_juce_video.mm in Sources */ = {isa = PBXBuildFile; fileRef = 5AB4FD77378506D517AB65E1 /* include_juce_video.mm */; };
		3444A7258E829C5151EC4194 /* Carbon.framework in Frameworks */ = {isa = PBXBuildFile; fileRef = 5DC9B90DEC10CC742DFCBE5E /* Carbon.framework */; };
		43FC4DA9AFC8648839081D22 /* CoreAudio.framework in Frameworks */ = {isa = PBXBuildFile; fileRef = ED77A12955775F1F5FBBD1A8 /* CoreAudio.framework */; };
		479DD9D5215A3C660009CC13 /* NameTreeItem.cpp in Sources */ = {isa = PBXBuildFile; fileRef = 479DD9D3215A3C660009CC13 /* NameTreeItem.cpp */; };
		4812438CBEDD8F5764BB5E85 /* QuartzCore.framework in Frameworks */ = {isa = PBXBuildFile; fileRef = 7740D0E716818A9691B70EBC /* QuartzCore.framework */; };
		48B4895428366A09AE3FDE18 /* CoreMedia.framework in Frameworks */ = {isa = PBXBuildFile; fileRef = 7C46CB1B6E79241BE25E9FE1 /* CoreMedia.framework */; };
		4D2E640A2CD4AA7FC97479D2 /* Accelerate.framework in Frameworks */ = {isa = PBXBuildFile; fileRef = 8416765E2BFF49F8EC08E81B /* Accelerate.framework */; };
		62AAC31334C6F9DFFAF641C4 /* include_juce_audio_processors.mm in Sources */ = {isa = PBXBuildFile; fileRef = 79C3CECB471B6B791731DFBC /* include_juce_audio_processors.mm */; };
		690847F17C4990150FD3FACE /* CoreMIDI.framework in Frameworks */ = {isa = PBXBuildFile; fileRef = 90674957037CE6F95814B766 /* CoreMIDI.framework */; };
		78EB4F83EDB98D095CEB765A /* AudioToolbox.framework in Frameworks */ = {isa = PBXBuildFile; fileRef = 565ABFC92A2784646FEBCAA2 /* AudioToolbox.framework */; };
		85409A1E08882357503EC7F7 /* OpenGL.framework in Frameworks */ = {isa = PBXBuildFile; fileRef = 07148F94C6528C65E09CCF40 /* OpenGL.framework */; };
		8E058E16B7E06D4CADB51D77 /* DataModel.cpp in Sources */ = {isa = PBXBuildFile; fileRef = D00B31B50361840452D35FE7 /* DataModel.cpp */; };
		8E8DE78198B8530CC8A55233 /* WebKit.framework in Frameworks */ = {isa = PBXBuildFile; fileRef = B9D213D4F794F4ECAD4ECAF3 /* WebKit.framework */; };
		9238504436B9B07DFAB89291 /* Main.cpp in Sources */ = {isa = PBXBuildFile; fileRef = B022678232406ADEA66C5EDD /* Main.cpp */; };
		948EE777A067D9C800D28026 /* RecentFilesMenuTemplate.nib in Resources */ = {isa = PBXBuildFile; fileRef = 74A19E338B2E7998BB1A1CEE /* RecentFilesMenuTemplate.nib */; };
		9886BFE004A3E60DA32F14EE /* include_juce_cryptography.mm in Sources */ = {isa = PBXBuildFile; fileRef = 03C87EFE2CAB2217D6696956 /* include_juce_cryptography.mm */; };
		9A64F5DABB22EC5A47D502C0 /* MainComponent.cpp in Sources */ = {isa = PBXBuildFile; fileRef = A0C92F1145B078AC4BBD91F3 /* MainComponent.cpp */; };
		A0AF3E7659D11E430FA90A0A /* AVKit.framework in Frameworks */ = {isa = PBXBuildFile; fileRef = F536A85061A689BE3C4E16C8 /* AVKit.framework */; };
		B3B395682BC49B54BD731C96 /* include_juce_events.mm in Sources */ = {isa = PBXBuildFile; fileRef = 2C19175A59A22EF98AF4EFEE /* include_juce_events.mm */; };
		B930257AC12A0C85B6F5B22F /* include_juce_audio_basics.mm in Sources */ = {isa = PBXBuildFile; fileRef = F92EA21035D7A47AEB2FB708 /* include_juce_audio_basics.mm */; };
		C295DCDDBF2744A0B4839FC2 /* include_juce_audio_formats.mm in Sources */ = {isa = PBXBuildFile; fileRef = 3DF10F826ACC0A75F5322034 /* include_juce_audio_formats.mm */; };
		CF414D2257AA3E444AA2AF0A /* include_juce_data_structures.mm in Sources */ = {isa = PBXBuildFile; fileRef = 516AAA02C88766D1AE11C30D /* include_juce_data_structures.mm */; };
		D32EB8F1A5123844A96A01D3 /* Cocoa.framework in Frameworks */ = {isa = PBXBuildFile; fileRef = AAB1C3D10EB4EF46B648BEBB /* Cocoa.framework */; };
		D425D0174FADD9D85F2318E5 /* include_juce_gui_extra.mm in Sources */ = {isa = PBXBuildFile; fileRef = 33D32D95C93488C003EF683C /* include_juce_gui_extra.mm */; };
		D430545325EB7BA8895BC8AC /* include_juce_audio_devices.mm in Sources */ = {isa = PBXBuildFile; fileRef = 411B4CB72C67CAE0C0EEE501 /* include_juce_audio_devices.mm */; };
		E338EDAA29DF8006F5216B8D /* include_juce_gui_basics.mm in Sources */ = {isa = PBXBuildFile; fileRef = 95074D9F70969A75B59089F8 /* include_juce_gui_basics.mm */; };
		E4CE6CD5DD6500DE545E6C22 /* include_juce_opengl.mm in Sources */ = {isa = PBXBuildFile; fileRef = FC5B48D05E6CF56486A38D10 /* include_juce_opengl.mm */; };
/* End PBXBuildFile section */

/* Begin PBXFileReference section */
		03C87EFE2CAB2217D6696956 /* include_juce_cryptography.mm */ = {isa = PBXFileReference; lastKnownFileType = sourcecode.cpp.objcpp; name = include_juce_cryptography.mm; path = ../../JuceLibraryCode/include_juce_cryptography.mm; sourceTree = SOURCE_ROOT; };
		07148F94C6528C65E09CCF40 /* OpenGL.framework */ = {isa = PBXFileReference; lastKnownFileType = wrapper.framework; name = OpenGL.framework; path = System/Library/Frameworks/OpenGL.framework; sourceTree = SDKROOT; };
		11B08793A567581F2BEF43C7 /* juce_cryptography */ = {isa = PBXFileReference; lastKnownFileType = folder; name = juce_cryptography; path = ../../JuceLibraryCode/modules/juce_cryptography; sourceTree = SOURCE_ROOT; };
		17A027BD87956D558AD0FD9A /* juce_audio_processors */ = {isa = PBXFileReference; lastKnownFileType = folder; name = juce_audio_processors; path = ../../JuceLibraryCode/modules/juce_audio_processors; sourceTree = SOURCE_ROOT; };
		1CAAAD4998183A3503A505AD /* include_juce_core.mm */ = {isa = PBXFileReference; lastKnownFileType = sourcecode.cpp.objcpp; name = include_juce_core.mm; path = ../../JuceLibraryCode/include_juce_core.mm; sourceTree = SOURCE_ROOT; };
		1F02D3D257B16F81D0C4B7C3 /* juce_graphics */ = {isa = PBXFileReference; lastKnownFileType = folder; name = juce_graphics; path = ../../JuceLibraryCode/modules/juce_graphics; sourceTree = SOURCE_ROOT; };
		274B5DDF6276728185C9FA5C /* AVFoundation.framework */ = {isa = PBXFileReference; lastKnownFileType = wrapper.framework; name = AVFoundation.framework; path = System/Library/Frameworks/AVFoundation.framework; sourceTree = SDKROOT; };
		2C19175A59A22EF98AF4EFEE /* include_juce_events.mm */ = {isa = PBXFileReference; lastKnownFileType = sourcecode.cpp.objcpp; name = include_juce_events.mm; path = ../../JuceLibraryCode/include_juce_events.mm; sourceTree = SOURCE_ROOT; };
		32E5A3B2E2B9D21A2B31A286 /* MainComponent.h */ = {isa = PBXFileReference; lastKnownFileType = sourcecode.c.h; name = MainComponent.h; path = ../../Source/MainComponent.h; sourceTree = SOURCE_ROOT; };
		33D32D95C93488C003EF683C /* include_juce_gui_extra.mm */ = {isa = PBXFileReference; lastKnownFileType = sourcecode.cpp.objcpp; name = include_juce_gui_extra.mm; path = ../../JuceLibraryCode/include_juce_gui_extra.mm; sourceTree = SOURCE_ROOT; };
		3DF10F826ACC0A75F5322034 /* include_juce_audio_formats.mm */ = {isa = PBXFileReference; lastKnownFileType = sourcecode.cpp.objcpp; name = include_juce_audio_formats.mm; path = ../../JuceLibraryCode/include_juce_audio_formats.mm; sourceTree = SOURCE_ROOT; };
		411B4CB72C67CAE0C0EEE501 /* include_juce_audio_devices.mm */ = {isa = PBXFileReference; lastKnownFileType = sourcecode.cpp.objcpp; name = include_juce_audio_devices.mm; path = ../../JuceLibraryCode/include_juce_audio_devices.mm; sourceTree = SOURCE_ROOT; };
		479779F975E91155E59D4AAC /* juce_events */ = {isa = PBXFileReference; lastKnownFileType = folder; name = juce_events; path = ../../JuceLibraryCode/modules/juce_events; sourceTree = SOURCE_ROOT; };
		479DD9D3215A3C660009CC13 /* NameTreeItem.cpp */ = {isa = PBXFileReference; fileEncoding = 4; lastKnownFileType = sourcecode.cpp.cpp; name = NameTreeItem.cpp; path = ../../Source/NameTreeItem.cpp; sourceTree = "<group>"; };
		479DD9D4215A3C660009CC13 /* NameTreeItem.h */ = {isa = PBXFileReference; fileEncoding = 4; lastKnownFileType = sourcecode.c.h; name = NameTreeItem.h; path = ../../Source/NameTreeItem.h; sourceTree = "<group>"; };
		516AAA02C88766D1AE11C30D /* include_juce_data_structures.mm */ = {isa = PBXFileReference; lastKnownFileType = sourcecode.cpp.objcpp; name = include_juce_data_structures.mm; path = ../../JuceLibraryCode/include_juce_data_structures.mm; sourceTree = SOURCE_ROOT; };
		552F12173E98EC89FDD62F89 /* juce_audio_devices */ = {isa = PBXFileReference; lastKnownFileType = folder; name = juce_audio_devices; path = ../../JuceLibraryCode/modules/juce_audio_devices; sourceTree = SOURCE_ROOT; };
		565ABFC92A2784646FEBCAA2 /* AudioToolbox.framework */ = {isa = PBXFileReference; lastKnownFileType = wrapper.framework; name = AudioToolbox.framework; path = System/Library/Frameworks/AudioToolbox.framework; sourceTree = SDKROOT; };
		5AB4FD77378506D517AB65E1 /* include_juce_video.mm */ = {isa = PBXFileReference; lastKnownFileType = sourcecode.cpp.objcpp; name = include_juce_video.mm; path = ../../JuceLibraryCode/include_juce_video.mm; sourceTree = SOURCE_ROOT; };
		5DC9B90DEC10CC742DFCBE5E /* Carbon.framework */ = {isa = PBXFileReference; lastKnownFileType = wrapper.framework; name = Carbon.framework; path = System/Library/Frameworks/Carbon.framework; sourceTree = SDKROOT; };
		6BA8F6957A5EF0257B3323CA /* juce_gui_basics */ = {isa = PBXFileReference; lastKnownFileType = folder; name = juce_gui_basics; path = ../../JuceLibraryCode/modules/juce_gui_basics; sourceTree = SOURCE_ROOT; };
		710007315D6FE31B6524AE12 /* DataModel.h */ = {isa = PBXFileReference; lastKnownFileType = sourcecode.c.h; name = DataModel.h; path = ../../Source/DataModel.h; sourceTree = SOURCE_ROOT; };
		74A19E338B2E7998BB1A1CEE /* RecentFilesMenuTemplate.nib */ = {isa = PBXFileReference; lastKnownFileType = file.nib; path = RecentFilesMenuTemplate.nib; sourceTree = SOURCE_ROOT; };
		7740D0E716818A9691B70EBC /* QuartzCore.framework */ = {isa = PBXFileReference; lastKnownFileType = wrapper.framework; name = QuartzCore.framework; path = System/Library/Frameworks/QuartzCore.framework; sourceTree = SDKROOT; };
		79C3CECB471B6B791731DFBC /* include_juce_audio_processors.mm */ = {isa = PBXFileReference; lastKnownFileType = sourcecode.cpp.objcpp; name = include_juce_audio_processors.mm; path = ../../JuceLibraryCode/include_juce_audio_processors.mm; sourceTree = SOURCE_ROOT; };
		7C46CB1B6E79241BE25E9FE1 /* CoreMedia.framework */ = {isa = PBXFileReference; lastKnownFileType = wrapper.framework; name = CoreMedia.framework; path = System/Library/Frameworks/CoreMedia.framework; sourceTree = SDKROOT; };
		8416765E2BFF49F8EC08E81B /* Accelerate.framework */ = {isa = PBXFileReference; lastKnownFileType = wrapper.framework; name = Accelerate.framework; path = System/Library/Frameworks/Accelerate.framework; sourceTree = SDKROOT; };
		8437A47F61DB8B23C3498D63 /* juce_opengl */ = {isa = PBXFileReference; lastKnownFileType = folder; name = juce_opengl; path = ../../JuceLibraryCode/modules/juce_opengl; sourceTree = SOURCE_ROOT; };
		8CD965214344A2BC091E18B3 /* include_juce_graphics.mm */ = {isa = PBXFileReference; lastKnownFileType = sourcecode.cpp.objcpp; name = include_juce_graphics.mm; path = ../../JuceLibraryCode/include_juce_graphics.mm; sourceTree = SOURCE_ROOT; };
		8E9E9CF628D8B62C1AC6C556 /* juce_audio_formats */ = {isa = PBXFileReference; lastKnownFileType = folder; name = juce_audio_formats; path = ../../JuceLibraryCode/modules/juce_audio_formats; sourceTree = SOURCE_ROOT; };
		90674957037CE6F95814B766 /* CoreMIDI.framework */ = {isa = PBXFileReference; lastKnownFileType = wrapper.framework; name = CoreMIDI.framework; path = System/Library/Frameworks/CoreMIDI.framework; sourceTree = SDKROOT; };
		9244A154C4C736297BE51F3C /* juce_audio_basics */ = {isa = PBXFileReference; lastKnownFileType = folder; name = juce_audio_basics; path = ../../JuceLibraryCode/modules/juce_audio_basics; sourceTree = SOURCE_ROOT; };
		95074D9F70969A75B59089F8 /* include_juce_gui_basics.mm */ = {isa = PBXFileReference; lastKnownFileType = sourcecode.cpp.objcpp; name = include_juce_gui_basics.mm; path = ../../JuceLibraryCode/include_juce_gui_basics.mm; sourceTree = SOURCE_ROOT; };
		9C280509BB76E0C097A79D33 /* IOKit.framework */ = {isa = PBXFileReference; lastKnownFileType = wrapper.framework; name = IOKit.framework; path = System/Library/Frameworks/IOKit.framework; sourceTree = SDKROOT; };
		9D87363769EA85D147293352 /* Info-App.plist */ = {isa = PBXFileReference; lastKnownFileType = text.plist.xml; path = "Info-App.plist"; sourceTree = SOURCE_ROOT; };
		A0C92F1145B078AC4BBD91F3 /* MainComponent.cpp */ = {isa = PBXFileReference; lastKnownFileType = sourcecode.cpp.cpp; name = MainComponent.cpp; path = ../../Source/MainComponent.cpp; sourceTree = SOURCE_ROOT; };
		A1B4B6FD6D30D7F657942CD1 /* JuceHeader.h */ = {isa = PBXFileReference; lastKnownFileType = sourcecode.c.h; name = JuceHeader.h; path = ../../JuceLibraryCode/JuceHeader.h; sourceTree = SOURCE_ROOT; };
		A6E87A4D7B93B998D61FBE77 /* CodeBook.app */ = {isa = PBXFileReference; explicitFileType = wrapper.application; includeInIndex = 0; path = CodeBook.app; sourceTree = BUILT_PRODUCTS_DIR; };
		AAB1C3D10EB4EF46B648BEBB /* Cocoa.framework */ = {isa = PBXFileReference; lastKnownFileType = wrapper.framework; name = Cocoa.framework; path = System/Library/Frameworks/Cocoa.framework; sourceTree = SDKROOT; };
		B022678232406ADEA66C5EDD /* Main.cpp */ = {isa = PBXFileReference; lastKnownFileType = sourcecode.cpp.cpp; name = Main.cpp; path = ../../Source/Main.cpp; sourceTree = SOURCE_ROOT; };
		B9D213D4F794F4ECAD4ECAF3 /* WebKit.framework */ = {isa = PBXFileReference; lastKnownFileType = wrapper.framework; name = WebKit.framework; path = System/Library/Frameworks/WebKit.framework; sourceTree = SDKROOT; };
		BD6AAC6B4F31124B7DE8B305 /* juce_data_structures */ = {isa = PBXFileReference; lastKnownFileType = folder; name = juce_data_structures; path = ../../JuceLibraryCode/modules/juce_data_structures; sourceTree = SOURCE_ROOT; };
		C92A2F5B47EA19724314081B /* juce_core */ = {isa = PBXFileReference; lastKnownFileType = folder; name = juce_core; path = ../../JuceLibraryCode/modules/juce_core; sourceTree = SOURCE_ROOT; };
		D00B31B50361840452D35FE7 /* DataModel.cpp */ = {isa = PBXFileReference; lastKnownFileType = sourcecode.cpp.cpp; name = DataModel.cpp; path = ../../Source/DataModel.cpp; sourceTree = SOURCE_ROOT; };
		D1095591B06EB70C15E1FAD9 /* juce_video */ = {isa = PBXFileReference; lastKnownFileType = folder; name = juce_video; path = ../../JuceLibraryCode/modules/juce_video; sourceTree = SOURCE_ROOT; };
		ED77A12955775F1F5FBBD1A8 /* CoreAudio.framework */ = {isa = PBXFileReference; lastKnownFileType = wrapper.framework; name = CoreAudio.framework; path = System/Library/Frameworks/CoreAudio.framework; sourceTree = SDKROOT; };
		F4A3738F04250A4D89BFA2AA /* juce_gui_extra */ = {isa = PBXFileReference; lastKnownFileType = folder; name = juce_gui_extra; path = ../../JuceLibraryCode/modules/juce_gui_extra; sourceTree = SOURCE_ROOT; };
		F536A85061A689BE3C4E16C8 /* AVKit.framework */ = {isa = PBXFileReference; lastKnownFileType = wrapper.framework; name = AVKit.framework; path = System/Library/Frameworks/AVKit.framework; sourceTree = SDKROOT; };
		F92EA21035D7A47AEB2FB708 /* include_juce_audio_basics.mm */ = {isa = PBXFileReference; lastKnownFileType = sourcecode.cpp.objcpp; name = include_juce_audio_basics.mm; path = ../../JuceLibraryCode/include_juce_audio_basics.mm; sourceTree = SOURCE_ROOT; };
		FA4C9D4FF59AA61679806DBD /* AppConfig.h */ = {isa = PBXFileReference; lastKnownFileType = sourcecode.c.h; name = AppConfig.h; path = ../../JuceLibraryCode/AppConfig.h; sourceTree = SOURCE_ROOT; };
		FC5B48D05E6CF56486A38D10 /* include_juce_opengl.mm */ = {isa = PBXFileReference; lastKnownFileType = sourcecode.cpp.objcpp; name = include_juce_opengl.mm; path = ../../JuceLibraryCode/include_juce_opengl.mm; sourceTree = SOURCE_ROOT; };
/* End PBXFileReference section */

/* Begin PBXFrameworksBuildPhase section */
		93D87FAA526251D8A753DB6D /* Frameworks */ = {
			isa = PBXFrameworksBuildPhase;
			buildActionMask = 2147483647;
			files = (
				4D2E640A2CD4AA7FC97479D2 /* Accelerate.framework in Frameworks */,
				78EB4F83EDB98D095CEB765A /* AudioToolbox.framework in Frameworks */,
				29D40744676CCA12BF82E37F /* AVFoundation.framework in Frameworks */,
				A0AF3E7659D11E430FA90A0A /* AVKit.framework in Frameworks */,
				3444A7258E829C5151EC4194 /* Carbon.framework in Frameworks */,
				D32EB8F1A5123844A96A01D3 /* Cocoa.framework in Frameworks */,
				43FC4DA9AFC8648839081D22 /* CoreAudio.framework in Frameworks */,
				48B4895428366A09AE3FDE18 /* CoreMedia.framework in Frameworks */,
				690847F17C4990150FD3FACE /* CoreMIDI.framework in Frameworks */,
				26987957A6AB78B3EF438C8B /* IOKit.framework in Frameworks */,
				85409A1E08882357503EC7F7 /* OpenGL.framework in Frameworks */,
				4812438CBEDD8F5764BB5E85 /* QuartzCore.framework in Frameworks */,
				8E8DE78198B8530CC8A55233 /* WebKit.framework in Frameworks */,
			);
			runOnlyForDeploymentPostprocessing = 0;
		};
/* End PBXFrameworksBuildPhase section */

/* Begin PBXGroup section */
		05AF4F7BBEDF384E5E20583F /* Juce Modules */ = {
			isa = PBXGroup;
			children = (
				9244A154C4C736297BE51F3C /* juce_audio_basics */,
				552F12173E98EC89FDD62F89 /* juce_audio_devices */,
				8E9E9CF628D8B62C1AC6C556 /* juce_audio_formats */,
				17A027BD87956D558AD0FD9A /* juce_audio_processors */,
				C92A2F5B47EA19724314081B /* juce_core */,
				11B08793A567581F2BEF43C7 /* juce_cryptography */,
				BD6AAC6B4F31124B7DE8B305 /* juce_data_structures */,
				479779F975E91155E59D4AAC /* juce_events */,
				1F02D3D257B16F81D0C4B7C3 /* juce_graphics */,
				6BA8F6957A5EF0257B3323CA /* juce_gui_basics */,
				F4A3738F04250A4D89BFA2AA /* juce_gui_extra */,
				8437A47F61DB8B23C3498D63 /* juce_opengl */,
				D1095591B06EB70C15E1FAD9 /* juce_video */,
			);
			name = "Juce Modules";
			sourceTree = "<group>";
		};
		23ABF709DC8FE14C9D56BB47 /* Frameworks */ = {
			isa = PBXGroup;
			children = (
				8416765E2BFF49F8EC08E81B /* Accelerate.framework */,
				565ABFC92A2784646FEBCAA2 /* AudioToolbox.framework */,
				274B5DDF6276728185C9FA5C /* AVFoundation.framework */,
				F536A85061A689BE3C4E16C8 /* AVKit.framework */,
				5DC9B90DEC10CC742DFCBE5E /* Carbon.framework */,
				AAB1C3D10EB4EF46B648BEBB /* Cocoa.framework */,
				ED77A12955775F1F5FBBD1A8 /* CoreAudio.framework */,
				7C46CB1B6E79241BE25E9FE1 /* CoreMedia.framework */,
				90674957037CE6F95814B766 /* CoreMIDI.framework */,
				9C280509BB76E0C097A79D33 /* IOKit.framework */,
				07148F94C6528C65E09CCF40 /* OpenGL.framework */,
				7740D0E716818A9691B70EBC /* QuartzCore.framework */,
				B9D213D4F794F4ECAD4ECAF3 /* WebKit.framework */,
			);
			name = Frameworks;
			sourceTree = "<group>";
		};
		29E73970482A72CCD29BAAD6 /* Products */ = {
			isa = PBXGroup;
			children = (
				A6E87A4D7B93B998D61FBE77 /* CodeBook.app */,
			);
			name = Products;
			sourceTree = "<group>";
		};
		7B5FE6F4183270A5A9332740 /* Source */ = {
			isa = PBXGroup;
			children = (
				710007315D6FE31B6524AE12 /* DataModel.h */,
				D00B31B50361840452D35FE7 /* DataModel.cpp */,
				32E5A3B2E2B9D21A2B31A286 /* MainComponent.h */,
				A0C92F1145B078AC4BBD91F3 /* MainComponent.cpp */,
				479DD9D4215A3C660009CC13 /* NameTreeItem.h */,
				479DD9D3215A3C660009CC13 /* NameTreeItem.cpp */,
				B022678232406ADEA66C5EDD /* Main.cpp */,
			);
			name = Source;
			sourceTree = "<group>";
		};
		9A72A7FCD623D4749FEDB0A4 /* CodeBook */ = {
			isa = PBXGroup;
			children = (
				7B5FE6F4183270A5A9332740 /* Source */,
			);
			name = CodeBook;
			sourceTree = "<group>";
		};
		ACF9B5E85B94AC2BC4E8F1B5 /* Resources */ = {
			isa = PBXGroup;
			children = (
				9D87363769EA85D147293352 /* Info-App.plist */,
				74A19E338B2E7998BB1A1CEE /* RecentFilesMenuTemplate.nib */,
			);
			name = Resources;
			sourceTree = "<group>";
		};
		D94B0F952F55612E0F0F51BE /* Juce Library Code */ = {
			isa = PBXGroup;
			children = (
				FA4C9D4FF59AA61679806DBD /* AppConfig.h */,
				F92EA21035D7A47AEB2FB708 /* include_juce_audio_basics.mm */,
				411B4CB72C67CAE0C0EEE501 /* include_juce_audio_devices.mm */,
				3DF10F826ACC0A75F5322034 /* include_juce_audio_formats.mm */,
				79C3CECB471B6B791731DFBC /* include_juce_audio_processors.mm */,
				1CAAAD4998183A3503A505AD /* include_juce_core.mm */,
				03C87EFE2CAB2217D6696956 /* include_juce_cryptography.mm */,
				516AAA02C88766D1AE11C30D /* include_juce_data_structures.mm */,
				2C19175A59A22EF98AF4EFEE /* include_juce_events.mm */,
				8CD965214344A2BC091E18B3 /* include_juce_graphics.mm */,
				95074D9F70969A75B59089F8 /* include_juce_gui_basics.mm */,
				33D32D95C93488C003EF683C /* include_juce_gui_extra.mm */,
				FC5B48D05E6CF56486A38D10 /* include_juce_opengl.mm */,
				5AB4FD77378506D517AB65E1 /* include_juce_video.mm */,
				A1B4B6FD6D30D7F657942CD1 /* JuceHeader.h */,
			);
			name = "Juce Library Code";
			sourceTree = "<group>";
		};
		EF39DF7075B2A0434492DA96 /* Source */ = {
			isa = PBXGroup;
			children = (
				9A72A7FCD623D4749FEDB0A4 /* CodeBook */,
				05AF4F7BBEDF384E5E20583F /* Juce Modules */,
				D94B0F952F55612E0F0F51BE /* Juce Library Code */,
				ACF9B5E85B94AC2BC4E8F1B5 /* Resources */,
				23ABF709DC8FE14C9D56BB47 /* Frameworks */,
				29E73970482A72CCD29BAAD6 /* Products */,
			);
			name = Source;
			sourceTree = "<group>";
		};
/* End PBXGroup section */

/* Begin PBXNativeTarget section */
		C595610336D73811FA871DBC /* CodeBook - App */ = {
			isa = PBXNativeTarget;
			buildConfigurationList = 33E336B521D327D0552CBF6C /* Build configuration list for PBXNativeTarget "CodeBook - App" */;
			buildPhases = (
				DC1D62D8B7507AADEADDB873 /* Resources */,
				62FDFAF60636F3AF9421D4D4 /* Sources */,
				93D87FAA526251D8A753DB6D /* Frameworks */,
			);
			buildRules = (
			);
			dependencies = (
			);
			name = "CodeBook - App";
			productName = CodeBook;
			productReference = A6E87A4D7B93B998D61FBE77 /* CodeBook.app */;
			productType = "com.apple.product-type.application";
		};
/* End PBXNativeTarget section */

/* Begin PBXProject section */
		E1315DBABFD344A3286ECEBF /* Project object */ = {
			isa = PBXProject;
			attributes = {
				LastUpgradeCheck = 0830;
				TargetAttributes = {
					C595610336D73811FA871DBC = {
						SystemCapabilities = {
							com.apple.ApplicationGroups.iOS = {
								enabled = 0;
							};
							com.apple.InAppPurchase = {
								enabled = 0;
							};
							com.apple.InterAppAudio = {
								enabled = 0;
							};
							com.apple.Push = {
								enabled = 0;
							};
							com.apple.Sandbox = {
								enabled = 0;
							};
						};
					};
				};
			};
			buildConfigurationList = D2F647B775DA15ED555574A1 /* Build configuration list for PBXProject "CodeBook" */;
			compatibilityVersion = "Xcode 3.2";
			developmentRegion = English;
			hasScannedForEncodings = 0;
			knownRegions = (
				en,
			);
			mainGroup = EF39DF7075B2A0434492DA96 /* Source */;
			projectDirPath = "";
			projectRoot = "";
			targets = (
				C595610336D73811FA871DBC /* CodeBook - App */,
			);
		};
/* End PBXProject section */

/* Begin PBXResourcesBuildPhase section */
		DC1D62D8B7507AADEADDB873 /* Resources */ = {
			isa = PBXResourcesBuildPhase;
			buildActionMask = 2147483647;
			files = (
				948EE777A067D9C800D28026 /* RecentFilesMenuTemplate.nib in Resources */,
			);
			runOnlyForDeploymentPostprocessing = 0;
		};
/* End PBXResourcesBuildPhase section */

/* Begin PBXSourcesBuildPhase section */
		62FDFAF60636F3AF9421D4D4 /* Sources */ = {
			isa = PBXSourcesBuildPhase;
			buildActionMask = 2147483647;
			files = (
				8E058E16B7E06D4CADB51D77 /* DataModel.cpp in Sources */,
				479DD9D5215A3C660009CC13 /* NameTreeItem.cpp in Sources */,
				9A64F5DABB22EC5A47D502C0 /* MainComponent.cpp in Sources */,
				9238504436B9B07DFAB89291 /* Main.cpp in Sources */,
				B930257AC12A0C85B6F5B22F /* include_juce_audio_basics.mm in Sources */,
				D430545325EB7BA8895BC8AC /* include_juce_audio_devices.mm in Sources */,
				C295DCDDBF2744A0B4839FC2 /* include_juce_audio_formats.mm in Sources */,
				62AAC31334C6F9DFFAF641C4 /* include_juce_audio_processors.mm in Sources */,
				0CB4E808B911630992BE24BB /* include_juce_core.mm in Sources */,
				9886BFE004A3E60DA32F14EE /* include_juce_cryptography.mm in Sources */,
				CF414D2257AA3E444AA2AF0A /* include_juce_data_structures.mm in Sources */,
				B3B395682BC49B54BD731C96 /* include_juce_events.mm in Sources */,
				0E729B5694E3A193A3FE47CF /* include_juce_graphics.mm in Sources */,
				E338EDAA29DF8006F5216B8D /* include_juce_gui_basics.mm in Sources */,
				D425D0174FADD9D85F2318E5 /* include_juce_gui_extra.mm in Sources */,
				E4CE6CD5DD6500DE545E6C22 /* include_juce_opengl.mm in Sources */,
				2D77CAAAAA03A3AD02A62341 /* include_juce_video.mm in Sources */,
			);
			runOnlyForDeploymentPostprocessing = 0;
		};
/* End PBXSourcesBuildPhase section */

/* Begin XCBuildConfiguration section */
		738738371FAFB1CFB03EBFE0 /* Debug */ = {
			isa = XCBuildConfiguration;
			buildSettings = {
				ALWAYS_SEARCH_USER_PATHS = NO;
				CLANG_WARN_BLOCK_CAPTURE_AUTORELEASING = YES;
				CLANG_WARN_BOOL_CONVERSION = YES;
				CLANG_WARN_COMMA = YES;
				CLANG_WARN_CONSTANT_CONVERSION = YES;
				CLANG_WARN_EMPTY_BODY = YES;
				CLANG_WARN_ENUM_CONVERSION = YES;
				CLANG_WARN_INFINITE_RECURSION = YES;
				CLANG_WARN_INT_CONVERSION = YES;
				CLANG_WARN_NON_LITERAL_NULL_CONVERSION = YES;
				CLANG_WARN_OBJC_LITERAL_CONVERSION = YES;
				CLANG_WARN_RANGE_LOOP_ANALYSIS = YES;
				CLANG_WARN_STRICT_PROTOTYPES = YES;
				CLANG_WARN_SUSPICIOUS_MOVE = YES;
				CLANG_WARN_UNREACHABLE_CODE = YES;
				CLANG_WARN__DUPLICATE_METHOD_MATCH = YES;
				DEBUG_INFORMATION_FORMAT = dwarf;
				ENABLE_STRICT_OBJC_MSGSEND = YES;
				ENABLE_TESTABILITY = YES;
				GCC_C_LANGUAGE_STANDARD = c11;
				GCC_INLINES_ARE_PRIVATE_EXTERN = YES;
				GCC_MODEL_TUNING = G5;
				GCC_NO_COMMON_BLOCKS = YES;
				GCC_WARN_64_TO_32_BIT_CONVERSION = YES;
				GCC_WARN_ABOUT_RETURN_TYPE = YES;
				GCC_WARN_CHECK_SWITCH_STATEMENTS = YES;
				GCC_WARN_MISSING_PARENTHESES = YES;
				GCC_WARN_NON_VIRTUAL_DESTRUCTOR = YES;
				GCC_WARN_TYPECHECK_CALLS_TO_PRINTF = YES;
				GCC_WARN_UNDECLARED_SELECTOR = YES;
				GCC_WARN_UNINITIALIZED_AUTOS = YES;
				GCC_WARN_UNUSED_FUNCTION = YES;
				GCC_WARN_UNUSED_VARIABLE = YES;
				ONLY_ACTIVE_ARCH = YES;
				PRODUCT_NAME = CodeBook;
				WARNING_CFLAGS = "-Wreorder";
				ZERO_LINK = NO;
			};
			name = Debug;
		};
		8045A33DD54CEE65DF830643 /* Release */ = {
			isa = XCBuildConfiguration;
			buildSettings = {
				ALWAYS_SEARCH_USER_PATHS = NO;
				CLANG_WARN_BLOCK_CAPTURE_AUTORELEASING = YES;
				CLANG_WARN_BOOL_CONVERSION = YES;
				CLANG_WARN_COMMA = YES;
				CLANG_WARN_CONSTANT_CONVERSION = YES;
				CLANG_WARN_EMPTY_BODY = YES;
				CLANG_WARN_ENUM_CONVERSION = YES;
				CLANG_WARN_INFINITE_RECURSION = YES;
				CLANG_WARN_INT_CONVERSION = YES;
				CLANG_WARN_NON_LITERAL_NULL_CONVERSION = YES;
				CLANG_WARN_OBJC_LITERAL_CONVERSION = YES;
				CLANG_WARN_RANGE_LOOP_ANALYSIS = YES;
				CLANG_WARN_STRICT_PROTOTYPES = YES;
				CLANG_WARN_SUSPICIOUS_MOVE = YES;
				CLANG_WARN_UNREACHABLE_CODE = YES;
				CLANG_WARN__DUPLICATE_METHOD_MATCH = YES;
				DEBUG_INFORMATION_FORMAT = dwarf;
				ENABLE_STRICT_OBJC_MSGSEND = YES;
				GCC_C_LANGUAGE_STANDARD = c11;
				GCC_INLINES_ARE_PRIVATE_EXTERN = YES;
				GCC_MODEL_TUNING = G5;
				GCC_NO_COMMON_BLOCKS = YES;
				GCC_WARN_64_TO_32_BIT_CONVERSION = YES;
				GCC_WARN_ABOUT_RETURN_TYPE = YES;
				GCC_WARN_CHECK_SWITCH_STATEMENTS = YES;
				GCC_WARN_MISSING_PARENTHESES = YES;
				GCC_WARN_NON_VIRTUAL_DESTRUCTOR = YES;
				GCC_WARN_TYPECHECK_CALLS_TO_PRINTF = YES;
				GCC_WARN_UNDECLARED_SELECTOR = YES;
				GCC_WARN_UNINITIALIZED_AUTOS = YES;
				GCC_WARN_UNUSED_FUNCTION = YES;
				GCC_WARN_UNUSED_VARIABLE = YES;
				PRODUCT_NAME = CodeBook;
				WARNING_CFLAGS = "-Wreorder";
				ZERO_LINK = NO;
			};
			name = Release;
		};
		87FEE58D403F704433A7AC77 /* Release */ = {
			isa = XCBuildConfiguration;
			buildSettings = {
				CLANG_CXX_LANGUAGE_STANDARD = "c++11";
				CLANG_LINK_OBJC_RUNTIME = NO;
				COMBINE_HIDPI_IMAGES = YES;
				CONFIGURATION_BUILD_DIR = "$(PROJECT_DIR)/build/$(CONFIGURATION)";
				DEAD_CODE_STRIPPING = YES;
				GCC_GENERATE_DEBUGGING_SYMBOLS = NO;
				GCC_OPTIMIZATION_LEVEL = 3;
				GCC_PREPROCESSOR_DEFINITIONS = (
					"_NDEBUG=1",
					"NDEBUG=1",
					"JUCER_XCODE_MAC_F6D2F4CF=1",
					"JUCE_APP_VERSION=1.0.0",
					"JUCE_APP_VERSION_HEX=0x10000",
					"JucePlugin_Build_VST=0",
					"JucePlugin_Build_VST3=0",
					"JucePlugin_Build_AU=0",
					"JucePlugin_Build_AUv3=0",
					"JucePlugin_Build_RTAS=0",
					"JucePlugin_Build_AAX=0",
					"JucePlugin_Build_Standalone=0",
				);
				GCC_SYMBOLS_PRIVATE_EXTERN = YES;
				GCC_VERSION = com.apple.compilers.llvm.clang.1_0;
				HEADER_SEARCH_PATHS = (
					../../JuceLibraryCode,
					../../JuceLibraryCode/modules,
					"$(inherited)",
				);
				INFOPLIST_FILE = "Info-App.plist";
				INFOPLIST_PREPROCESS = NO;
				INSTALL_PATH = "$(HOME)/Applications";
				MACOSX_DEPLOYMENT_TARGET = 10.9;
				MACOSX_DEPLOYMENT_TARGET_ppc = 10.4;
				PRODUCT_BUNDLE_IDENTIFIER = com.yourcompany.CodeBook;
				SDKROOT_ppc = macosx10.5;
				USE_HEADERMAP = NO;
			};
			name = Release;
		};
		FF83F4FDC8A9CCDFAF81600D /* Debug */ = {
			isa = XCBuildConfiguration;
			buildSettings = {
				CLANG_CXX_LANGUAGE_STANDARD = "c++11";
				CLANG_LINK_OBJC_RUNTIME = NO;
				COMBINE_HIDPI_IMAGES = YES;
				CONFIGURATION_BUILD_DIR = "$(PROJECT_DIR)/build/$(CONFIGURATION)";
				COPY_PHASE_STRIP = NO;
				GCC_DYNAMIC_NO_PIC = NO;
				GCC_OPTIMIZATION_LEVEL = 0;
				GCC_PREPROCESSOR_DEFINITIONS = (
					"_DEBUG=1",
					"DEBUG=1",
					"JUCER_XCODE_MAC_F6D2F4CF=1",
					"JUCE_APP_VERSION=1.0.0",
					"JUCE_APP_VERSION_HEX=0x10000",
					"JucePlugin_Build_VST=0",
					"JucePlugin_Build_VST3=0",
					"JucePlugin_Build_AU=0",
					"JucePlugin_Build_AUv3=0",
					"JucePlugin_Build_RTAS=0",
					"JucePlugin_Build_AAX=0",
					"JucePlugin_Build_Standalone=0",
				);
				GCC_VERSION = com.apple.compilers.llvm.clang.1_0;
				HEADER_SEARCH_PATHS = (
					../../JuceLibraryCode,
					../../JuceLibraryCode/modules,
					"$(inherited)",
				);
				INFOPLIST_FILE = "Info-App.plist";
				INFOPLIST_PREPROCESS = NO;
				INSTALL_PATH = "$(HOME)/Applications";
				MACOSX_DEPLOYMENT_TARGET = 10.9;
				MACOSX_DEPLOYMENT_TARGET_ppc = 10.4;
				PRODUCT_BUNDLE_IDENTIFIER = com.yourcompany.CodeBook;
				SDKROOT_ppc = macosx10.5;
				USE_HEADERMAP = NO;
			};
			name = Debug;
		};
/* End XCBuildConfiguration section */

/* Begin XCConfigurationList section */
		33E336B521D327D0552CBF6C /* Build configuration list for PBXNativeTarget "CodeBook - App" */ = {
			isa = XCConfigurationList;
			buildConfigurations = (
				FF83F4FDC8A9CCDFAF81600D /* Debug */,
				87FEE58D403F704433A7AC77 /* Release */,
			);
			defaultConfigurationIsVisible = 0;
			defaultConfigurationName = Debug;
		};
		D2F647B775DA15ED555574A1 /* Build configuration list for PBXProject "CodeBook" */ = {
			isa = XCConfigurationList;
			buildConfigurations = (
				738738371FAFB1CFB03EBFE0 /* Debug */,
				8045A33DD54CEE65DF830643 /* Release */,
			);
			defaultConfigurationIsVisible = 0;
			defaultConfigurationName = Debug;
		};
/* End XCConfigurationList section */
	};
	rootObject = E1315DBABFD344A3286ECEBF /* Project object */;
}
